
Microsoft Visual Studio Solution File, Format Version 12.00
# Visual Studio Version 17
VisualStudioVersion = 17.10.35027.167
MinimumVisualStudioVersion = 10.0.40219.1
Project("{FAE04EC0-301F-11D3-BF4B-00C04F79EFBC}") = "TrabeaApi", "TrabeaApi\TrabeaApi.csproj", "{BD5CC532-AF68-4DED-8D4B-75C91C9197C6}"
EndProject
Project("{FAE04EC0-301F-11D3-BF4B-00C04F79EFBC}") = "TrabeaBusiness", "TrabeaBusiness\TrabeaBusiness.csproj", "{30F5BFAB-A869-4EE5-A655-EC6375FCA4FE}"
EndProject
Project("{FAE04EC0-301F-11D3-BF4B-00C04F79EFBC}") = "TrabeaDataAccess", "TrabeaDataAccess\TrabeaDataAccess.csproj", "{1696AF44-8F08-432A-BBBA-899526A68833}"
EndProject
Global
	GlobalSection(SolutionConfigurationPlatforms) = preSolution
		Debug|Any CPU = Debug|Any CPU
		Release|Any CPU = Release|Any CPU
	EndGlobalSection
	GlobalSection(ProjectConfigurationPlatforms) = postSolution
		{BD5CC532-AF68-4DED-8D4B-75C91C9197C6}.Debug|Any CPU.ActiveCfg = Debug|Any CPU
		{BD5CC532-AF68-4DED-8D4B-75C91C9197C6}.Debug|Any CPU.Build.0 = Debug|Any CPU
		{BD5CC532-AF68-4DED-8D4B-75C91C9197C6}.Release|Any CPU.ActiveCfg = Release|Any CPU
		{BD5CC532-AF68-4DED-8D4B-75C91C9197C6}.Release|Any CPU.Build.0 = Release|Any CPU
		{30F5BFAB-A869-4EE5-A655-EC6375FCA4FE}.Debug|Any CPU.ActiveCfg = Debug|Any CPU
		{30F5BFAB-A869-4EE5-A655-EC6375FCA4FE}.Debug|Any CPU.Build.0 = Debug|Any CPU
		{30F5BFAB-A869-4EE5-A655-EC6375FCA4FE}.Release|Any CPU.ActiveCfg = Release|Any CPU
		{30F5BFAB-A869-4EE5-A655-EC6375FCA4FE}.Release|Any CPU.Build.0 = Release|Any CPU
		{1696AF44-8F08-432A-BBBA-899526A68833}.Debug|Any CPU.ActiveCfg = Debug|Any CPU
		{1696AF44-8F08-432A-BBBA-899526A68833}.Debug|Any CPU.Build.0 = Debug|Any CPU
		{1696AF44-8F08-432A-BBBA-899526A68833}.Release|Any CPU.ActiveCfg = Release|Any CPU
		{1696AF44-8F08-432A-BBBA-899526A68833}.Release|Any CPU.Build.0 = Release|Any CPU
	EndGlobalSection
	GlobalSection(SolutionProperties) = preSolution
		HideSolutionNode = FALSE
	EndGlobalSection
	GlobalSection(ExtensibilityGlobals) = postSolution
		SolutionGuid = {F1862F30-71EC-43EC-B0EA-3EED74A4035F}
	EndGlobalSection
EndGlobal
